
Microsoft Visual Studio Solution File, Format Version 12.00
# Visual Studio Version 18
VisualStudioVersion = 18.1.11312.151
MinimumVisualStudioVersion = 10.0.40219.1
Project("{FAE04EC0-301F-11D3-BF4B-00C04F79EFBC}") = "ImageTransformer.Console", "src\ImageTransformer.Console\ImageTransformer.Console.csproj", "{90C3ED7C-A6DA-4286-8625-A60EF8E10917}"
EndProject
Global
	GlobalSection(SolutionConfigurationPlatforms) = preSolution
		Debug|Any CPU = Debug|Any CPU
		Debug|x64 = Debug|x64
		Debug|x86 = Debug|x86
		Release|Any CPU = Release|Any CPU
		Release|x64 = Release|x64
		Release|x86 = Release|x86
	EndGlobalSection
	GlobalSection(ProjectConfigurationPlatforms) = postSolution
		{90C3ED7C-A6DA-4286-8625-A60EF8E10917}.Debug|Any CPU.ActiveCfg = Debug|Any CPU
		{90C3ED7C-A6DA-4286-8625-A60EF8E10917}.Debug|Any CPU.Build.0 = Debug|Any CPU
		{90C3ED7C-A6DA-4286-8625-A60EF8E10917}.Debug|x64.ActiveCfg = Debug|Any CPU
		{90C3ED7C-A6DA-4286-8625-A60EF8E10917}.Debug|x64.Build.0 = Debug|Any CPU
		{90C3ED7C-A6DA-4286-8625-A60EF8E10917}.Debug|x86.ActiveCfg = Debug|Any CPU
		{90C3ED7C-A6DA-4286-8625-A60EF8E10917}.Debug|x86.Build.0 = Debug|Any CPU
		{90C3ED7C-A6DA-4286-8625-A60EF8E10917}.Release|Any CPU.ActiveCfg = Release|Any CPU
		{90C3ED7C-A6DA-4286-8625-A60EF8E10917}.Release|Any CPU.Build.0 = Release|Any CPU
		{90C3ED7C-A6DA-4286-8625-A60EF8E10917}.Release|x64.ActiveCfg = Release|Any CPU
		{90C3ED7C-A6DA-4286-8625-A60EF8E10917}.Release|x64.Build.0 = Release|Any CPU
		{90C3ED7C-A6DA-4286-8625-A60EF8E10917}.Release|x86.ActiveCfg = Release|Any CPU
		{90C3ED7C-A6DA-4286-8625-A60EF8E10917}.Release|x86.Build.0 = Release|Any CPU
	EndGlobalSection
	GlobalSection(SolutionProperties) = preSolution
		HideSolutionNode = FALSE
	EndGlobalSection
	GlobalSection(ExtensibilityGlobals) = postSolution
		SolutionGuid = {D75C19AE-5979-42D6-BA51-61B299A977A0}
	EndGlobalSection
EndGlobal
